# generated by rye
# use `rye lock` or `rye sync` to update this lockfile
#
# last locked with the following flags:
#   pre: false
#   features: []
#   all-features: false
#   with-sources: false

-e file:.
aniso8601==9.0.1
    # via graphene
asgiref==3.8.1
    # via django
asttokens==2.4.1
    # via stack-data
black==24.4.2
click==8.1.7
    # via black
decorator==5.1.1
    # via ipdb
    # via ipython
django==5.0.6
    # via graphene-django
    # via json-serde-exp
docstring-to-markdown==0.15
    # via python-lsp-server
executing==2.0.1
    # via stack-data
graphene==3.3
    # via graphene-django
graphene-django==3.2.1
    # via json-serde-exp
graphql-core==3.2.3
    # via graphene
    # via graphene-django
    # via graphql-relay
graphql-relay==3.2.0
    # via graphene
    # via graphene-django
ipdb==0.13.13
ipython==8.24.0
    # via ipdb
jedi==0.19.1
    # via ipython
    # via python-lsp-server
matplotlib-inline==0.1.7
    # via ipython
mypy-extensions==1.0.0
    # via black
packaging==24.0
    # via black
parso==0.8.4
    # via jedi
pathspec==0.12.1
    # via black
pexpect==4.9.0
    # via ipython
platformdirs==4.2.2
    # via black
pluggy==1.5.0
    # via python-lsp-server
promise==2.3
    # via graphene-django
prompt-toolkit==3.0.45
    # via ipython
ptyprocess==0.7.0
    # via pexpect
pure-eval==0.2.2
    # via stack-data
pygments==2.18.0
    # via ipython
python-lsp-jsonrpc==1.1.2
    # via python-lsp-server
python-lsp-server==1.11.0
six==1.16.0
    # via asttokens
    # via promise
sqlparse==0.5.0
    # via django
stack-data==0.6.3
    # via ipython
text-unidecode==1.3
    # via graphene-django
traitlets==5.14.3
    # via ipython
    # via matplotlib-inline
ujson==5.10.0
    # via python-lsp-jsonrpc
    # via python-lsp-server
wcwidth==0.2.13
    # via prompt-toolkit
